<?xml version="1.0" encoding="UTF-8" standalone="yes" ?>
<CodeBlocks_project_file>
	<FileVersion major="1" minor="6" />
	<Project>
		<Option title="hello world" />
		<Option pch_mode="2" />
		<Option compiler="gcc" />
		<Build>
			<Target title="Debug">
				<Option output="bin/Debug/hello world" prefix_auto="1" extension_auto="1" />
				<Option object_output="obj/Debug/" />
				<Option type="1" />
				<Option compiler="gcc" />
				<Compiler>
					<Add option="-g" />
				</Compiler>
			</Target>
			<Target title="Release">
				<Option output="bin/Release/hello world" prefix_auto="1" extension_auto="1" />
				<Option object_output="obj/Release/" />
				<Option type="1" />
				<Option compiler="gcc" />
				<Compiler>
					<Add option="-O2" />
				</Compiler>
				<Linker>
					<Add option="-s" />
				</Linker>
			</Target>
		</Build>
		<Compiler>
			<Add option="-Wall" />
			<Add option="-fexceptions" />
		</Compiler>
		<Unit filename="BubbleSort.h">
			<Option target="&lt;{~None~}&gt;" />
		</Unit>
		<Unit filename="Heap.h">
			<Option target="&lt;{~None~}&gt;" />
		</Unit>
		<Unit filename="HeapSortIndex.h">
			<Option target="&lt;{~None~}&gt;" />
		</Unit>
		<Unit filename="IndexMaxHeap.h">
			<Option target="&lt;{~None~}&gt;" />
		</Unit>
		<Unit filename="IndexMinHeap.h">
			<Option target="&lt;{~None~}&gt;" />
		</Unit>
		<Unit filename="InsertSort.h">
			<Option target="&lt;{~None~}&gt;" />
		</Unit>
		<Unit filename="MergeSort.h">
			<Option target="&lt;{~None~}&gt;" />
		</Unit>
		<Unit filename="MergeSort2.h">
			<Option target="&lt;{~None~}&gt;" />
		</Unit>
		<Unit filename="MinHeap.h">
			<Option target="&lt;{~None~}&gt;" />
		</Unit>
		<Unit filename="QuickSort.h">
			<Option target="&lt;{~None~}&gt;" />
		</Unit>
		<Unit filename="QuickSort2.h">
			<Option target="&lt;{~None~}&gt;" />
		</Unit>
		<Unit filename="QuickSort3.h">
			<Option target="&lt;{~None~}&gt;" />
		</Unit>
		<Unit filename="SelectSort.h">
			<Option target="&lt;{~None~}&gt;" />
		</Unit>
		<Unit filename="ShellSort.h">
			<Option target="&lt;{~None~}&gt;" />
		</Unit>
		<Unit filename="SortTestHelper.h">
			<Option target="&lt;{~None~}&gt;" />
		</Unit>
		<Unit filename="Student.h">
			<Option target="&lt;{~None~}&gt;" />
		</Unit>
		<Unit filename="heapSort1.h">
			<Option target="&lt;{~None~}&gt;" />
		</Unit>
		<Unit filename="main.cpp" />
		<Extensions>
			<code_completion />
			<envvars />
			<debugger />
			<lib_finder disable_auto="1" />
		</Extensions>
	</Project>
</CodeBlocks_project_file>
